# This file is automatically @generated by Cargo.
# It is not intended for manual editing.
version = 3

[[package]]
name = "ex_test"
version = "0.1.0"
dependencies = [
 "rs-color",
]

[[package]]
name = "rs-color"
version = "0.1.0"
source = "registry+https://github.com/rust-lang/crates.io-index"
checksum = "20c447029d2ee59e0e52fd443ce78dce564810844bd7a1e3dca5dd8161da199c"
